// !$*UTF8*$!
{
	archiveVersion = 1;
	classes = {
	};
	objectVersion = 56;
	objects = {

/* Begin PBXBuildFile section */
		608D13DF29D25EBB00CB3C2E /* Pokemon.swift in Sources */ = {isa = PBXBuildFile; fileRef = 608D13DE29D25EBB00CB3C2E /* Pokemon.swift */; };
		608D13E229D25EF000CB3C2E /* PokemonManager.swift in Sources */ = {isa = PBXBuildFile; fileRef = 608D13E129D25EF000CB3C2E /* PokemonManager.swift */; };
		608D13E529D25F4300CB3C2E /* PokemonViewModel.swift in Sources */ = {isa = PBXBuildFile; fileRef = 608D13E429D25F4300CB3C2E /* PokemonViewModel.swift */; };
		608D13E729D25FB900CB3C2E /* TypeAlias.swift in Sources */ = {isa = PBXBuildFile; fileRef = 608D13E629D25FB900CB3C2E /* TypeAlias.swift */; };
		60EF1AA229D255220022A134 /* AppDelegate.swift in Sources */ = {isa = PBXBuildFile; fileRef = 60EF1AA129D255220022A134 /* AppDelegate.swift */; };
		60EF1AA429D255220022A134 /* SceneDelegate.swift in Sources */ = {isa = PBXBuildFile; fileRef = 60EF1AA329D255220022A134 /* SceneDelegate.swift */; };
		60EF1AA629D255220022A134 /* PokemonController.swift in Sources */ = {isa = PBXBuildFile; fileRef = 60EF1AA529D255220022A134 /* PokemonController.swift */; };
		60EF1AA929D255220022A134 /* Main.storyboard in Resources */ = {isa = PBXBuildFile; fileRef = 60EF1AA729D255220022A134 /* Main.storyboard */; };
		60EF1AAB29D255230022A134 /* Assets.xcassets in Resources */ = {isa = PBXBuildFile; fileRef = 60EF1AAA29D255230022A134 /* Assets.xcassets */; };
		60EF1AAE29D255230022A134 /* LaunchScreen.storyboard in Resources */ = {isa = PBXBuildFile; fileRef = 60EF1AAC29D255230022A134 /* LaunchScreen.storyboard */; };
		60EF1ABE29D255BC0022A134 /* Constant.swift in Sources */ = {isa = PBXBuildFile; fileRef = 60EF1ABD29D255BC0022A134 /* Constant.swift */; };
		60EF1AC029D255C20022A134 /* ConstantService.swift in Sources */ = {isa = PBXBuildFile; fileRef = 60EF1ABF29D255C20022A134 /* ConstantService.swift */; };
		60EF1AC229D2565A0022A134 /* ErrorResponse.swift in Sources */ = {isa = PBXBuildFile; fileRef = 60EF1AC129D2565A0022A134 /* ErrorResponse.swift */; };
		60EF1AC429D256750022A134 /* NetworkManagerProtocol.swift in Sources */ = {isa = PBXBuildFile; fileRef = 60EF1AC329D256750022A134 /* NetworkManagerProtocol.swift */; };
		60EF1AC629D2567A0022A134 /* NetworkManager.swift in Sources */ = {isa = PBXBuildFile; fileRef = 60EF1AC529D2567A0022A134 /* NetworkManager.swift */; };
		60EF1AC929D256980022A134 /* Alamofire in Frameworks */ = {isa = PBXBuildFile; productRef = 60EF1AC829D256980022A134 /* Alamofire */; };
/* End PBXBuildFile section */

/* Begin PBXFileReference section */
		608D13DE29D25EBB00CB3C2E /* Pokemon.swift */ = {isa = PBXFileReference; lastKnownFileType = sourcecode.swift; path = Pokemon.swift; sourceTree = "<group>"; };
		608D13E129D25EF000CB3C2E /* PokemonManager.swift */ = {isa = PBXFileReference; lastKnownFileType = sourcecode.swift; path = PokemonManager.swift; sourceTree = "<group>"; };
		608D13E429D25F4300CB3C2E /* PokemonViewModel.swift */ = {isa = PBXFileReference; lastKnownFileType = sourcecode.swift; path = PokemonViewModel.swift; sourceTree = "<group>"; };
		608D13E629D25FB900CB3C2E /* TypeAlias.swift */ = {isa = PBXFileReference; lastKnownFileType = sourcecode.swift; path = TypeAlias.swift; sourceTree = "<group>"; };
		60EF1A9E29D255220022A134 /* Pokemon.app */ = {isa = PBXFileReference; explicitFileType = wrapper.application; includeInIndex = 0; path = Pokemon.app; sourceTree = BUILT_PRODUCTS_DIR; };
		60EF1AA129D255220022A134 /* AppDelegate.swift */ = {isa = PBXFileReference; lastKnownFileType = sourcecode.swift; path = AppDelegate.swift; sourceTree = "<group>"; };
		60EF1AA329D255220022A134 /* SceneDelegate.swift */ = {isa = PBXFileReference; lastKnownFileType = sourcecode.swift; path = SceneDelegate.swift; sourceTree = "<group>"; };
		60EF1AA529D255220022A134 /* PokemonController.swift */ = {isa = PBXFileReference; lastKnownFileType = sourcecode.swift; path = PokemonController.swift; sourceTree = "<group>"; };
		60EF1AA829D255220022A134 /* Base */ = {isa = PBXFileReference; lastKnownFileType = file.storyboard; name = Base; path = Base.lproj/Main.storyboard; sourceTree = "<group>"; };
		60EF1AAA29D255230022A134 /* Assets.xcassets */ = {isa = PBXFileReference; lastKnownFileType = folder.assetcatalog; path = Assets.xcassets; sourceTree = "<group>"; };
		60EF1AAD29D255230022A134 /* Base */ = {isa = PBXFileReference; lastKnownFileType = file.storyboard; name = Base; path = Base.lproj/LaunchScreen.storyboard; sourceTree = "<group>"; };
		60EF1AAF29D255230022A134 /* Info.plist */ = {isa = PBXFileReference; lastKnownFileType = text.plist.xml; path = Info.plist; sourceTree = "<group>"; };
		60EF1ABD29D255BC0022A134 /* Constant.swift */ = {isa = PBXFileReference; lastKnownFileType = sourcecode.swift; path = Constant.swift; sourceTree = "<group>"; };
		60EF1ABF29D255C20022A134 /* ConstantService.swift */ = {isa = PBXFileReference; lastKnownFileType = sourcecode.swift; path = ConstantService.swift; sourceTree = "<group>"; };
		60EF1AC129D2565A0022A134 /* ErrorResponse.swift */ = {isa = PBXFileReference; lastKnownFileType = sourcecode.swift; path = ErrorResponse.swift; sourceTree = "<group>"; };
		60EF1AC329D256750022A134 /* NetworkManagerProtocol.swift */ = {isa = PBXFileReference; lastKnownFileType = sourcecode.swift; path = NetworkManagerProtocol.swift; sourceTree = "<group>"; };
		60EF1AC529D2567A0022A134 /* NetworkManager.swift */ = {isa = PBXFileReference; lastKnownFileType = sourcecode.swift; path = NetworkManager.swift; sourceTree = "<group>"; };
/* End PBXFileReference section */

/* Begin PBXFrameworksBuildPhase section */
		60EF1A9B29D255220022A134 /* Frameworks */ = {
			isa = PBXFrameworksBuildPhase;
			buildActionMask = 2147483647;
			files = (
				60EF1AC929D256980022A134 /* Alamofire in Frameworks */,
			);
			runOnlyForDeploymentPostprocessing = 0;
		};
/* End PBXFrameworksBuildPhase section */

/* Begin PBXGroup section */
		608D13E029D25EE800CB3C2E /* Pokemon */ = {
			isa = PBXGroup;
			children = (
				608D13E129D25EF000CB3C2E /* PokemonManager.swift */,
			);
			path = Pokemon;
			sourceTree = "<group>";
		};
		608D13E329D25F3A00CB3C2E /* ViewModel */ = {
			isa = PBXGroup;
			children = (
				608D13E429D25F4300CB3C2E /* PokemonViewModel.swift */,
			);
			path = ViewModel;
			sourceTree = "<group>";
		};
		60EF1A9529D255220022A134 = {
			isa = PBXGroup;
			children = (
				60EF1AA029D255220022A134 /* Pokemon */,
				60EF1A9F29D255220022A134 /* Products */,
			);
			sourceTree = "<group>";
		};
		60EF1A9F29D255220022A134 /* Products */ = {
			isa = PBXGroup;
			children = (
				60EF1A9E29D255220022A134 /* Pokemon.app */,
			);
			name = Products;
			sourceTree = "<group>";
		};
		60EF1AA029D255220022A134 /* Pokemon */ = {
			isa = PBXGroup;
			children = (
				60EF1ABA29D2556B0022A134 /* Network */,
				60EF1AB929D255670022A134 /* Models */,
				60EF1AB829D255610022A134 /* Extension */,
				60EF1AB729D2555C0022A134 /* Constant */,
				60EF1AB629D255560022A134 /* App */,
				60EF1AB529D255510022A134 /* Scene */,
				60EF1AA729D255220022A134 /* Main.storyboard */,
				60EF1AAA29D255230022A134 /* Assets.xcassets */,
				60EF1AAC29D255230022A134 /* LaunchScreen.storyboard */,
				60EF1AAF29D255230022A134 /* Info.plist */,
			);
			path = Pokemon;
			sourceTree = "<group>";
		};
		60EF1AB529D255510022A134 /* Scene */ = {
			isa = PBXGroup;
			children = (
				60EF1ABB29D2558B0022A134 /* Home */,
			);
			path = Scene;
			sourceTree = "<group>";
		};
		60EF1AB629D255560022A134 /* App */ = {
			isa = PBXGroup;
			children = (
				60EF1AA129D255220022A134 /* AppDelegate.swift */,
				60EF1AA329D255220022A134 /* SceneDelegate.swift */,
			);
			path = App;
			sourceTree = "<group>";
		};
		60EF1AB729D2555C0022A134 /* Constant */ = {
			isa = PBXGroup;
			children = (
				60EF1ABD29D255BC0022A134 /* Constant.swift */,
				60EF1ABF29D255C20022A134 /* ConstantService.swift */,
			);
			path = Constant;
			sourceTree = "<group>";
		};
		60EF1AB829D255610022A134 /* Extension */ = {
			isa = PBXGroup;
			children = (
				608D13E629D25FB900CB3C2E /* TypeAlias.swift */,
			);
			path = Extension;
			sourceTree = "<group>";
		};
		60EF1AB929D255670022A134 /* Models */ = {
			isa = PBXGroup;
			children = (
				608D13DE29D25EBB00CB3C2E /* Pokemon.swift */,
			);
			path = Models;
			sourceTree = "<group>";
		};
		60EF1ABA29D2556B0022A134 /* Network */ = {
			isa = PBXGroup;
			children = (
				608D13E029D25EE800CB3C2E /* Pokemon */,
				60EF1ABC29D255960022A134 /* Core */,
			);
			path = Network;
			sourceTree = "<group>";
		};
		60EF1ABB29D2558B0022A134 /* Home */ = {
			isa = PBXGroup;
			children = (
				608D13E329D25F3A00CB3C2E /* ViewModel */,
				60EF1AA529D255220022A134 /* PokemonController.swift */,
			);
			path = Home;
			sourceTree = "<group>";
		};
		60EF1ABC29D255960022A134 /* Core */ = {
			isa = PBXGroup;
			children = (
				60EF1AC129D2565A0022A134 /* ErrorResponse.swift */,
				60EF1AC329D256750022A134 /* NetworkManagerProtocol.swift */,
				60EF1AC529D2567A0022A134 /* NetworkManager.swift */,
			);
			path = Core;
			sourceTree = "<group>";
		};
/* End PBXGroup section */

/* Begin PBXNativeTarget section */
		60EF1A9D29D255220022A134 /* Pokemon */ = {
			isa = PBXNativeTarget;
			buildConfigurationList = 60EF1AB229D255230022A134 /* Build configuration list for PBXNativeTarget "Pokemon" */;
			buildPhases = (
				60EF1A9A29D255220022A134 /* Sources */,
				60EF1A9B29D255220022A134 /* Frameworks */,
				60EF1A9C29D255220022A134 /* Resources */,
			);
			buildRules = (
			);
			dependencies = (
			);
			name = Pokemon;
			packageProductDependencies = (
				60EF1AC829D256980022A134 /* Alamofire */,
			);
			productName = Pokemon;
			productReference = 60EF1A9E29D255220022A134 /* Pokemon.app */;
			productType = "com.apple.product-type.application";
		};
/* End PBXNativeTarget section */

/* Begin PBXProject section */
		60EF1A9629D255220022A134 /* Project object */ = {
			isa = PBXProject;
			attributes = {
				BuildIndependentTargetsInParallel = 1;
				LastSwiftUpdateCheck = 1420;
				LastUpgradeCheck = 1420;
				TargetAttributes = {
					60EF1A9D29D255220022A134 = {
						CreatedOnToolsVersion = 14.2;
					};
				};
			};
			buildConfigurationList = 60EF1A9929D255220022A134 /* Build configuration list for PBXProject "Pokemon" */;
			compatibilityVersion = "Xcode 14.0";
			developmentRegion = en;
			hasScannedForEncodings = 0;
			knownRegions = (
				en,
				Base,
			);
			mainGroup = 60EF1A9529D255220022A134;
			packageReferences = (
				60EF1AC729D256980022A134 /* XCRemoteSwiftPackageReference "Alamofire" */,
			);
			productRefGroup = 60EF1A9F29D255220022A134 /* Products */;
			projectDirPath = "";
			projectRoot = "";
			targets = (
				60EF1A9D29D255220022A134 /* Pokemon */,
			);
		};
/* End PBXProject section */

/* Begin PBXResourcesBuildPhase section */
		60EF1A9C29D255220022A134 /* Resources */ = {
			isa = PBXResourcesBuildPhase;
			buildActionMask = 2147483647;
			files = (
				60EF1AAE29D255230022A134 /* LaunchScreen.storyboard in Resources */,
				60EF1AAB29D255230022A134 /* Assets.xcassets in Resources */,
				60EF1AA929D255220022A134 /* Main.storyboard in Resources */,
			);
			runOnlyForDeploymentPostprocessing = 0;
		};
/* End PBXResourcesBuildPhase section */

/* Begin PBXSourcesBuildPhase section */
		60EF1A9A29D255220022A134 /* Sources */ = {
			isa = PBXSourcesBuildPhase;
			buildActionMask = 2147483647;
			files = (
				60EF1AA629D255220022A134 /* PokemonController.swift in Sources */,
				60EF1AA229D255220022A134 /* AppDelegate.swift in Sources */,
				60EF1AC429D256750022A134 /* NetworkManagerProtocol.swift in Sources */,
				60EF1AA429D255220022A134 /* SceneDelegate.swift in Sources */,
				60EF1AC629D2567A0022A134 /* NetworkManager.swift in Sources */,
				608D13DF29D25EBB00CB3C2E /* Pokemon.swift in Sources */,
				608D13E729D25FB900CB3C2E /* TypeAlias.swift in Sources */,
				60EF1AC229D2565A0022A134 /* ErrorResponse.swift in Sources */,
				608D13E529D25F4300CB3C2E /* PokemonViewModel.swift in Sources */,
				608D13E229D25EF000CB3C2E /* PokemonManager.swift in Sources */,
				60EF1AC029D255C20022A134 /* ConstantService.swift in Sources */,
				60EF1ABE29D255BC0022A134 /* Constant.swift in Sources */,
			);
			runOnlyForDeploymentPostprocessing = 0;
		};
/* End PBXSourcesBuildPhase section */

/* Begin PBXVariantGroup section */
		60EF1AA729D255220022A134 /* Main.storyboard */ = {
			isa = PBXVariantGroup;
			children = (
				60EF1AA829D255220022A134 /* Base */,
			);
			name = Main.storyboard;
			sourceTree = "<group>";
		};
		60EF1AAC29D255230022A134 /* LaunchScreen.storyboard */ = {
			isa = PBXVariantGroup;
			children = (
				60EF1AAD29D255230022A134 /* Base */,
			);
			name = LaunchScreen.storyboard;
			sourceTree = "<group>";
		};
/* End PBXVariantGroup section */

/* Begin XCBuildConfiguration section */
		60EF1AB029D255230022A134 /* Debug */ = {
			isa = XCBuildConfiguration;
			buildSettings = {
				ALWAYS_SEARCH_USER_PATHS = NO;
				CLANG_ANALYZER_NONNULL = YES;
				CLANG_ANALYZER_NUMBER_OBJECT_CONVERSION = YES_AGGRESSIVE;
				CLANG_CXX_LANGUAGE_STANDARD = "gnu++20";
				CLANG_ENABLE_MODULES = YES;
				CLANG_ENABLE_OBJC_ARC = YES;
				CLANG_ENABLE_OBJC_WEAK = YES;
				CLANG_WARN_BLOCK_CAPTURE_AUTORELEASING = YES;
				CLANG_WARN_BOOL_CONVERSION = YES;
				CLANG_WARN_COMMA = YES;
				CLANG_WARN_CONSTANT_CONVERSION = YES;
				CLANG_WARN_DEPRECATED_OBJC_IMPLEMENTATIONS = YES;
				CLANG_WARN_DIRECT_OBJC_ISA_USAGE = YES_ERROR;
				CLANG_WARN_DOCUMENTATION_COMMENTS = YES;
				CLANG_WARN_EMPTY_BODY = YES;
				CLANG_WARN_ENUM_CONVERSION = YES;
				CLANG_WARN_INFINITE_RECURSION = YES;
				CLANG_WARN_INT_CONVERSION = YES;
				CLANG_WARN_NON_LITERAL_NULL_CONVERSION = YES;
				CLANG_WARN_OBJC_IMPLICIT_RETAIN_SELF = YES;
				CLANG_WARN_OBJC_LITERAL_CONVERSION = YES;
				CLANG_WARN_OBJC_ROOT_CLASS = YES_ERROR;
				CLANG_WARN_QUOTED_INCLUDE_IN_FRAMEWORK_HEADER = YES;
				CLANG_WARN_RANGE_LOOP_ANALYSIS = YES;
				CLANG_WARN_STRICT_PROTOTYPES = YES;
				CLANG_WARN_SUSPICIOUS_MOVE = YES;
				CLANG_WARN_UNGUARDED_AVAILABILITY = YES_AGGRESSIVE;
				CLANG_WARN_UNREACHABLE_CODE = YES;
				CLANG_WARN__DUPLICATE_METHOD_MATCH = YES;
				COPY_PHASE_STRIP = NO;
				DEBUG_INFORMATION_FORMAT = dwarf;
				ENABLE_STRICT_OBJC_MSGSEND = YES;
				ENABLE_TESTABILITY = YES;
				GCC_C_LANGUAGE_STANDARD = gnu11;
				GCC_DYNAMIC_NO_PIC = NO;
				GCC_NO_COMMON_BLOCKS = YES;
				GCC_OPTIMIZATION_LEVEL = 0;
				GCC_PREPROCESSOR_DEFINITIONS = (
					"DEBUG=1",
					"$(inherited)",
				);
				GCC_WARN_64_TO_32_BIT_CONVERSION = YES;
				GCC_WARN_ABOUT_RETURN_TYPE = YES_ERROR;
				GCC_WARN_UNDECLARED_SELECTOR = YES;
				GCC_WARN_UNINITIALIZED_AUTOS = YES_AGGRESSIVE;
				GCC_WARN_UNUSED_FUNCTION = YES;
				GCC_WARN_UNUSED_VARIABLE = YES;
				IPHONEOS_DEPLOYMENT_TARGET = 16.2;
				MTL_ENABLE_DEBUG_INFO = INCLUDE_SOURCE;
				MTL_FAST_MATH = YES;
				ONLY_ACTIVE_ARCH = YES;
				SDKROOT = iphoneos;
				SWIFT_ACTIVE_COMPILATION_CONDITIONS = DEBUG;
				SWIFT_OPTIMIZATION_LEVEL = "-Onone";
			};
			name = Debug;
		};
		60EF1AB129D255230022A134 /* Release */ = {
			isa = XCBuildConfiguration;
			buildSettings = {
				ALWAYS_SEARCH_USER_PATHS = NO;
				CLANG_ANALYZER_NONNULL = YES;
				CLANG_ANALYZER_NUMBER_OBJECT_CONVERSION = YES_AGGRESSIVE;
				CLANG_CXX_LANGUAGE_STANDARD = "gnu++20";
				CLANG_ENABLE_MODULES = YES;
				CLANG_ENABLE_OBJC_ARC = YES;
				CLANG_ENABLE_OBJC_WEAK = YES;
				CLANG_WARN_BLOCK_CAPTURE_AUTORELEASING = YES;
				CLANG_WARN_BOOL_CONVERSION = YES;
				CLANG_WARN_COMMA = YES;
				CLANG_WARN_CONSTANT_CONVERSION = YES;
				CLANG_WARN_DEPRECATED_OBJC_IMPLEMENTATIONS = YES;
				CLANG_WARN_DIRECT_OBJC_ISA_USAGE = YES_ERROR;
				CLANG_WARN_DOCUMENTATION_COMMENTS = YES;
				CLANG_WARN_EMPTY_BODY = YES;
				CLANG_WARN_ENUM_CONVERSION = YES;
				CLANG_WARN_INFINITE_RECURSION = YES;
				CLANG_WARN_INT_CONVERSION = YES;
				CLANG_WARN_NON_LITERAL_NULL_CONVERSION = YES;
				CLANG_WARN_OBJC_IMPLICIT_RETAIN_SELF = YES;
				CLANG_WARN_OBJC_LITERAL_CONVERSION = YES;
				CLANG_WARN_OBJC_ROOT_CLASS = YES_ERROR;
				CLANG_WARN_QUOTED_INCLUDE_IN_FRAMEWORK_HEADER = YES;
				CLANG_WARN_RANGE_LOOP_ANALYSIS = YES;
				CLANG_WARN_STRICT_PROTOTYPES = YES;
				CLANG_WARN_SUSPICIOUS_MOVE = YES;
				CLANG_WARN_UNGUARDED_AVAILABILITY = YES_AGGRESSIVE;
				CLANG_WARN_UNREACHABLE_CODE = YES;
				CLANG_WARN__DUPLICATE_METHOD_MATCH = YES;
				COPY_PHASE_STRIP = NO;
				DEBUG_INFORMATION_FORMAT = "dwarf-with-dsym";
				ENABLE_NS_ASSERTIONS = NO;
				ENABLE_STRICT_OBJC_MSGSEND = YES;
				GCC_C_LANGUAGE_STANDARD = gnu11;
				GCC_NO_COMMON_BLOCKS = YES;
				GCC_WARN_64_TO_32_BIT_CONVERSION = YES;
				GCC_WARN_ABOUT_RETURN_TYPE = YES_ERROR;
				GCC_WARN_UNDECLARED_SELECTOR = YES;
				GCC_WARN_UNINITIALIZED_AUTOS = YES_AGGRESSIVE;
				GCC_WARN_UNUSED_FUNCTION = YES;
				GCC_WARN_UNUSED_VARIABLE = YES;
				IPHONEOS_DEPLOYMENT_TARGET = 16.2;
				MTL_ENABLE_DEBUG_INFO = NO;
				MTL_FAST_MATH = YES;
				SDKROOT = iphoneos;
				SWIFT_COMPILATION_MODE = wholemodule;
				SWIFT_OPTIMIZATION_LEVEL = "-O";
				VALIDATE_PRODUCT = YES;
			};
			name = Release;
		};
		60EF1AB329D255230022A134 /* Debug */ = {
			isa = XCBuildConfiguration;
			buildSettings = {
				ASSETCATALOG_COMPILER_APPICON_NAME = AppIcon;
				ASSETCATALOG_COMPILER_GLOBAL_ACCENT_COLOR_NAME = AccentColor;
				CODE_SIGN_STYLE = Automatic;
				CURRENT_PROJECT_VERSION = 1;
				DEVELOPMENT_TEAM = WL3K4A7DH8;
				GENERATE_INFOPLIST_FILE = YES;
				INFOPLIST_FILE = Pokemon/Info.plist;
				INFOPLIST_KEY_UIApplicationSupportsIndirectInputEvents = YES;
				INFOPLIST_KEY_UILaunchStoryboardName = LaunchScreen;
				INFOPLIST_KEY_UIMainStoryboardFile = Main;
				INFOPLIST_KEY_UISupportedInterfaceOrientations_iPad = "UIInterfaceOrientationPortrait UIInterfaceOrientationPortraitUpsideDown UIInterfaceOrientationLandscapeLeft UIInterfaceOrientationLandscapeRight";
				INFOPLIST_KEY_UISupportedInterfaceOrientations_iPhone = "UIInterfaceOrientationPortrait UIInterfaceOrientationLandscapeLeft UIInterfaceOrientationLandscapeRight";
				IPHONEOS_DEPLOYMENT_TARGET = 15.0;
				LD_RUNPATH_SEARCH_PATHS = (
					"$(inherited)",
					"@executable_path/Frameworks",
				);
				MARKETING_VERSION = 1.0;
				PRODUCT_BUNDLE_IDENTIFIER = com.barisdilekci.Pokemon;
				PRODUCT_NAME = "$(TARGET_NAME)";
				SWIFT_EMIT_LOC_STRINGS = YES;
				SWIFT_VERSION = 5.0;
				TARGETED_DEVICE_FAMILY = "1,2";
			};
			name = Debug;
		};
		60EF1AB429D255230022A134 /* Release */ = {
			isa = XCBuildConfiguration;
			buildSettings = {
				ASSETCATALOG_COMPILER_APPICON_NAME = AppIcon;
				ASSETCATALOG_COMPILER_GLOBAL_ACCENT_COLOR_NAME = AccentColor;
				CODE_SIGN_STYLE = Automatic;
				CURRENT_PROJECT_VERSION = 1;
				DEVELOPMENT_TEAM = WL3K4A7DH8;
				GENERATE_INFOPLIST_FILE = YES;
				INFOPLIST_FILE = Pokemon/Info.plist;
				INFOPLIST_KEY_UIApplicationSupportsIndirectInputEvents = YES;
				INFOPLIST_KEY_UILaunchStoryboardName = LaunchScreen;
				INFOPLIST_KEY_UIMainStoryboardFile = Main;
				INFOPLIST_KEY_UISupportedInterfaceOrientations_iPad = "UIInterfaceOrientationPortrait UIInterfaceOrientationPortraitUpsideDown UIInterfaceOrientationLandscapeLeft UIInterfaceOrientationLandscapeRight";
				INFOPLIST_KEY_UISupportedInterfaceOrientations_iPhone = "UIInterfaceOrientationPortrait UIInterfaceOrientationLandscapeLeft UIInterfaceOrientationLandscapeRight";
				IPHONEOS_DEPLOYMENT_TARGET = 15.0;
				LD_RUNPATH_SEARCH_PATHS = (
					"$(inherited)",
					"@executable_path/Frameworks",
				);
				MARKETING_VERSION = 1.0;
				PRODUCT_BUNDLE_IDENTIFIER = com.barisdilekci.Pokemon;
				PRODUCT_NAME = "$(TARGET_NAME)";
				SWIFT_EMIT_LOC_STRINGS = YES;
				SWIFT_VERSION = 5.0;
				TARGETED_DEVICE_FAMILY = "1,2";
			};
			name = Release;
		};
/* End XCBuildConfiguration section */

/* Begin XCConfigurationList section */
		60EF1A9929D255220022A134 /* Build configuration list for PBXProject "Pokemon" */ = {
			isa = XCConfigurationList;
			buildConfigurations = (
				60EF1AB029D255230022A134 /* Debug */,
				60EF1AB129D255230022A134 /* Release */,
			);
			defaultConfigurationIsVisible = 0;
			defaultConfigurationName = Release;
		};
		60EF1AB229D255230022A134 /* Build configuration list for PBXNativeTarget "Pokemon" */ = {
			isa = XCConfigurationList;
			buildConfigurations = (
				60EF1AB329D255230022A134 /* Debug */,
				60EF1AB429D255230022A134 /* Release */,
			);
			defaultConfigurationIsVisible = 0;
			defaultConfigurationName = Release;
		};
/* End XCConfigurationList section */

/* Begin XCRemoteSwiftPackageReference section */
		60EF1AC729D256980022A134 /* XCRemoteSwiftPackageReference "Alamofire" */ = {
			isa = XCRemoteSwiftPackageReference;
			repositoryURL = "https://github.com/Alamofire/Alamofire.git";
			requirement = {
				branch = master;
				kind = branch;
			};
		};
/* End XCRemoteSwiftPackageReference section */

/* Begin XCSwiftPackageProductDependency section */
		60EF1AC829D256980022A134 /* Alamofire */ = {
			isa = XCSwiftPackageProductDependency;
			package = 60EF1AC729D256980022A134 /* XCRemoteSwiftPackageReference "Alamofire" */;
			productName = Alamofire;
		};
/* End XCSwiftPackageProductDependency section */
	};
	rootObject = 60EF1A9629D255220022A134 /* Project object */;
}
